// !$*UTF8*$!
{
	archiveVersion = 1;
	classes = {
	};
	objectVersion = 46;
	objects = {

/* Begin PBXBuildFile section */
		89BAB0461D24C686001615C5 /* AppDelegate.swift in Sources */ = {isa = PBXBuildFile; fileRef = 89BAB0451D24C686001615C5 /* AppDelegate.swift */; };
		89BAB0481D24C686001615C5 /* ViewController.swift in Sources */ = {isa = PBXBuildFile; fileRef = 89BAB0471D24C686001615C5 /* ViewController.swift */; };
		89BAB04B1D24C686001615C5 /* Main.storyboard in Resources */ = {isa = PBXBuildFile; fileRef = 89BAB0491D24C686001615C5 /* Main.storyboard */; };
		89BAB04D1D24C686001615C5 /* Assets.xcassets in Resources */ = {isa = PBXBuildFile; fileRef = 89BAB04C1D24C686001615C5 /* Assets.xcassets */; };
		89BAB0501D24C686001615C5 /* LaunchScreen.storyboard in Resources */ = {isa = PBXBuildFile; fileRef = 89BAB04E1D24C686001615C5 /* LaunchScreen.storyboard */; };
		89BAB0591D24C6FC001615C5 /* AppStorePPTView.swift in Sources */ = {isa = PBXBuildFile; fileRef = 89BAB0581D24C6FC001615C5 /* AppStorePPTView.swift */; };
		89BAB0611D24CB56001615C5 /* AppStorePPTView+CollectionView.swift in Sources */ = {isa = PBXBuildFile; fileRef = 89BAB05F1D24CB56001615C5 /* AppStorePPTView+CollectionView.swift */; };
		89BAB0621D24CB56001615C5 /* AppStorePPTViewLayout.swift in Sources */ = {isa = PBXBuildFile; fileRef = 89BAB0601D24CB56001615C5 /* AppStorePPTViewLayout.swift */; };
		89BAB0651D24CB78001615C5 /* AppStorePPTCollectionViewCell.swift in Sources */ = {isa = PBXBuildFile; fileRef = 89BAB0631D24CB78001615C5 /* AppStorePPTCollectionViewCell.swift */; };
		89BAB0661D24CB78001615C5 /* AppStorePPTCollectionViewCell.xib in Resources */ = {isa = PBXBuildFile; fileRef = 89BAB0641D24CB78001615C5 /* AppStorePPTCollectionViewCell.xib */; };
		89BAB0781D24F1FC001615C5 /* AppStorePPTView+Timer.swift in Sources */ = {isa = PBXBuildFile; fileRef = 89BAB0771D24F1FC001615C5 /* AppStorePPTView+Timer.swift */; };
/* End PBXBuildFile section */

/* Begin PBXFileReference section */
		89BAB0421D24C686001615C5 /* AppStorePPTView.app */ = {isa = PBXFileReference; explicitFileType = wrapper.application; includeInIndex = 0; path = AppStorePPTView.app; sourceTree = BUILT_PRODUCTS_DIR; };
		89BAB0451D24C686001615C5 /* AppDelegate.swift */ = {isa = PBXFileReference; lastKnownFileType = sourcecode.swift; path = AppDelegate.swift; sourceTree = "<group>"; };
		89BAB0471D24C686001615C5 /* ViewController.swift */ = {isa = PBXFileReference; lastKnownFileType = sourcecode.swift; path = ViewController.swift; sourceTree = "<group>"; };
		89BAB04A1D24C686001615C5 /* Base */ = {isa = PBXFileReference; lastKnownFileType = file.storyboard; name = Base; path = Base.lproj/Main.storyboard; sourceTree = "<group>"; };
		89BAB04C1D24C686001615C5 /* Assets.xcassets */ = {isa = PBXFileReference; lastKnownFileType = folder.assetcatalog; path = Assets.xcassets; sourceTree = "<group>"; };
		89BAB04F1D24C686001615C5 /* Base */ = {isa = PBXFileReference; lastKnownFileType = file.storyboard; name = Base; path = Base.lproj/LaunchScreen.storyboard; sourceTree = "<group>"; };
		89BAB0511D24C686001615C5 /* Info.plist */ = {isa = PBXFileReference; lastKnownFileType = text.plist.xml; path = Info.plist; sourceTree = "<group>"; };
		89BAB0581D24C6FC001615C5 /* AppStorePPTView.swift */ = {isa = PBXFileReference; fileEncoding = 4; lastKnownFileType = sourcecode.swift; path = AppStorePPTView.swift; sourceTree = "<group>"; };
		89BAB05F1D24CB56001615C5 /* AppStorePPTView+CollectionView.swift */ = {isa = PBXFileReference; fileEncoding = 4; lastKnownFileType = sourcecode.swift; path = "AppStorePPTView+CollectionView.swift"; sourceTree = "<group>"; };
		89BAB0601D24CB56001615C5 /* AppStorePPTViewLayout.swift */ = {isa = PBXFileReference; fileEncoding = 4; lastKnownFileType = sourcecode.swift; path = AppStorePPTViewLayout.swift; sourceTree = "<group>"; };
		89BAB0631D24CB78001615C5 /* AppStorePPTCollectionViewCell.swift */ = {isa = PBXFileReference; fileEncoding = 4; lastKnownFileType = sourcecode.swift; path = AppStorePPTCollectionViewCell.swift; sourceTree = "<group>"; };
		89BAB0641D24CB78001615C5 /* AppStorePPTCollectionViewCell.xib */ = {isa = PBXFileReference; fileEncoding = 4; lastKnownFileType = file.xib; path = AppStorePPTCollectionViewCell.xib; sourceTree = "<group>"; };
		89BAB0771D24F1FC001615C5 /* AppStorePPTView+Timer.swift */ = {isa = PBXFileReference; fileEncoding = 4; lastKnownFileType = sourcecode.swift; path = "AppStorePPTView+Timer.swift"; sourceTree = "<group>"; };
/* End PBXFileReference section */

/* Begin PBXFrameworksBuildPhase section */
		89BAB03F1D24C686001615C5 /* Frameworks */ = {
			isa = PBXFrameworksBuildPhase;
			buildActionMask = 2147483647;
			files = (
			);
			runOnlyForDeploymentPostprocessing = 0;
		};
/* End PBXFrameworksBuildPhase section */

/* Begin PBXGroup section */
		89BAB0391D24C686001615C5 = {
			isa = PBXGroup;
			children = (
				89BAB0441D24C686001615C5 /* AppStorePPTView */,
				89BAB0431D24C686001615C5 /* Products */,
			);
			sourceTree = "<group>";
		};
		89BAB0431D24C686001615C5 /* Products */ = {
			isa = PBXGroup;
			children = (
				89BAB0421D24C686001615C5 /* AppStorePPTView.app */,
			);
			name = Products;
			sourceTree = "<group>";
		};
		89BAB0441D24C686001615C5 /* AppStorePPTView */ = {
			isa = PBXGroup;
			children = (
				89BAB0571D24C6E7001615C5 /* AppStorePPTView */,
				89BAB0451D24C686001615C5 /* AppDelegate.swift */,
				89BAB0471D24C686001615C5 /* ViewController.swift */,
				89BAB0491D24C686001615C5 /* Main.storyboard */,
				89BAB04C1D24C686001615C5 /* Assets.xcassets */,
				89BAB04E1D24C686001615C5 /* LaunchScreen.storyboard */,
				89BAB0511D24C686001615C5 /* Info.plist */,
			);
			path = AppStorePPTView;
			sourceTree = "<group>";
		};
		89BAB0571D24C6E7001615C5 /* AppStorePPTView */ = {
			isa = PBXGroup;
			children = (
				89BAB0581D24C6FC001615C5 /* AppStorePPTView.swift */,
				89BAB05E1D24CB56001615C5 /* Lib */,
			);
			path = AppStorePPTView;
			sourceTree = "<group>";
		};
		89BAB05E1D24CB56001615C5 /* Lib */ = {
			isa = PBXGroup;
			children = (
				89BAB05F1D24CB56001615C5 /* AppStorePPTView+CollectionView.swift */,
				89BAB0601D24CB56001615C5 /* AppStorePPTViewLayout.swift */,
				89BAB0631D24CB78001615C5 /* AppStorePPTCollectionViewCell.swift */,
				89BAB0641D24CB78001615C5 /* AppStorePPTCollectionViewCell.xib */,
				89BAB0771D24F1FC001615C5 /* AppStorePPTView+Timer.swift */,
			);
			path = Lib;
			sourceTree = "<group>";
		};
/* End PBXGroup section */

/* Begin PBXNativeTarget section */
		89BAB0411D24C686001615C5 /* AppStorePPTView */ = {
			isa = PBXNativeTarget;
			buildConfigurationList = 89BAB0541D24C686001615C5 /* Build configuration list for PBXNativeTarget "AppStorePPTView" */;
			buildPhases = (
				89BAB03E1D24C686001615C5 /* Sources */,
				89BAB03F1D24C686001615C5 /* Frameworks */,
				89BAB0401D24C686001615C5 /* Resources */,
			);
			buildRules = (
			);
			dependencies = (
			);
			name = AppStorePPTView;
			productName = AppStorePPTView;
			productReference = 89BAB0421D24C686001615C5 /* AppStorePPTView.app */;
			productType = "com.apple.product-type.application";
		};
/* End PBXNativeTarget section */

/* Begin PBXProject section */
		89BAB03A1D24C686001615C5 /* Project object */ = {
			isa = PBXProject;
			attributes = {
				LastSwiftUpdateCheck = 0730;
				LastUpgradeCheck = 0730;
				ORGANIZATIONNAME = "冯成林";
				TargetAttributes = {
					89BAB0411D24C686001615C5 = {
						CreatedOnToolsVersion = 7.3;
					};
				};
			};
			buildConfigurationList = 89BAB03D1D24C686001615C5 /* Build configuration list for PBXProject "AppStorePPTView" */;
			compatibilityVersion = "Xcode 3.2";
			developmentRegion = English;
			hasScannedForEncodings = 0;
			knownRegions = (
				en,
				Base,
			);
			mainGroup = 89BAB0391D24C686001615C5;
			productRefGroup = 89BAB0431D24C686001615C5 /* Products */;
			projectDirPath = "";
			projectRoot = "";
			targets = (
				89BAB0411D24C686001615C5 /* AppStorePPTView */,
			);
		};
/* End PBXProject section */

/* Begin PBXResourcesBuildPhase section */
		89BAB0401D24C686001615C5 /* Resources */ = {
			isa = PBXResourcesBuildPhase;
			buildActionMask = 2147483647;
			files = (
				89BAB0501D24C686001615C5 /* LaunchScreen.storyboard in Resources */,
				89BAB0661D24CB78001615C5 /* AppStorePPTCollectionViewCell.xib in Resources */,
				89BAB04D1D24C686001615C5 /* Assets.xcassets in Resources */,
				89BAB04B1D24C686001615C5 /* Main.storyboard in Resources */,
			);
			runOnlyForDeploymentPostprocessing = 0;
		};
/* End PBXResourcesBuildPhase section */

/* Begin PBXSourcesBuildPhase section */
		89BAB03E1D24C686001615C5 /* Sources */ = {
			isa = PBXSourcesBuildPhase;
			buildActionMask = 2147483647;
			files = (
				89BAB0591D24C6FC001615C5 /* AppStorePPTView.swift in Sources */,
				89BAB0781D24F1FC001615C5 /* AppStorePPTView+Timer.swift in Sources */,
				89BAB0621D24CB56001615C5 /* AppStorePPTViewLayout.swift in Sources */,
				89BAB0481D24C686001615C5 /* ViewController.swift in Sources */,
				89BAB0611D24CB56001615C5 /* AppStorePPTView+CollectionView.swift in Sources */,
				89BAB0461D24C686001615C5 /* AppDelegate.swift in Sources */,
				89BAB0651D24CB78001615C5 /* AppStorePPTCollectionViewCell.swift in Sources */,
			);
			runOnlyForDeploymentPostprocessing = 0;
		};
/* End PBXSourcesBuildPhase section */

/* Begin PBXVariantGroup section */
		89BAB0491D24C686001615C5 /* Main.storyboard */ = {
			isa = PBXVariantGroup;
			children = (
				89BAB04A1D24C686001615C5 /* Base */,
			);
			name = Main.storyboard;
			sourceTree = "<group>";
		};
		89BAB04E1D24C686001615C5 /* LaunchScreen.storyboard */ = {
			isa = PBXVariantGroup;
			children = (
				89BAB04F1D24C686001615C5 /* Base */,
			);
			name = LaunchScreen.storyboard;
			sourceTree = "<group>";
		};
/* End PBXVariantGroup section */

/* Begin XCBuildConfiguration section */
		89BAB0521D24C686001615C5 /* Debug */ = {
			isa = XCBuildConfiguration;
			buildSettings = {
				ALWAYS_SEARCH_USER_PATHS = NO;
				CLANG_ANALYZER_NONNULL = YES;
				CLANG_CXX_LANGUAGE_STANDARD = "gnu++0x";
				CLANG_CXX_LIBRARY = "libc++";
				CLANG_ENABLE_MODULES = YES;
				CLANG_ENABLE_OBJC_ARC = YES;
				CLANG_WARN_BOOL_CONVERSION = YES;
				CLANG_WARN_CONSTANT_CONVERSION = YES;
				CLANG_WARN_DIRECT_OBJC_ISA_USAGE = YES_ERROR;
				CLANG_WARN_EMPTY_BODY = YES;
				CLANG_WARN_ENUM_CONVERSION = YES;
				CLANG_WARN_INT_CONVERSION = YES;
				CLANG_WARN_OBJC_ROOT_CLASS = YES_ERROR;
				CLANG_WARN_UNREACHABLE_CODE = YES;
				CLANG_WARN__DUPLICATE_METHOD_MATCH = YES;
				"CODE_SIGN_IDENTITY[sdk=iphoneos*]" = "iPhone Developer";
				COPY_PHASE_STRIP = NO;
				DEBUG_INFORMATION_FORMAT = dwarf;
				ENABLE_STRICT_OBJC_MSGSEND = YES;
				ENABLE_TESTABILITY = YES;
				GCC_C_LANGUAGE_STANDARD = gnu99;
				GCC_DYNAMIC_NO_PIC = NO;
				GCC_NO_COMMON_BLOCKS = YES;
				GCC_OPTIMIZATION_LEVEL = 0;
				GCC_PREPROCESSOR_DEFINITIONS = (
					"DEBUG=1",
					"$(inherited)",
				);
				GCC_WARN_64_TO_32_BIT_CONVERSION = YES;
				GCC_WARN_ABOUT_RETURN_TYPE = YES_ERROR;
				GCC_WARN_UNDECLARED_SELECTOR = YES;
				GCC_WARN_UNINITIALIZED_AUTOS = YES_AGGRESSIVE;
				GCC_WARN_UNUSED_FUNCTION = YES;
				GCC_WARN_UNUSED_VARIABLE = YES;
				IPHONEOS_DEPLOYMENT_TARGET = 9.3;
				MTL_ENABLE_DEBUG_INFO = YES;
				ONLY_ACTIVE_ARCH = YES;
				SDKROOT = iphoneos;
				SWIFT_OPTIMIZATION_LEVEL = "-Onone";
			};
			name = Debug;
		};
		89BAB0531D24C686001615C5 /* Release */ = {
			isa = XCBuildConfiguration;
			buildSettings = {
				ALWAYS_SEARCH_USER_PATHS = NO;
				CLANG_ANALYZER_NONNULL = YES;
				CLANG_CXX_LANGUAGE_STANDARD = "gnu++0x";
				CLANG_CXX_LIBRARY = "libc++";
				CLANG_ENABLE_MODULES = YES;
				CLANG_ENABLE_OBJC_ARC = YES;
				CLANG_WARN_BOOL_CONVERSION = YES;
				CLANG_WARN_CONSTANT_CONVERSION = YES;
				CLANG_WARN_DIRECT_OBJC_ISA_USAGE = YES_ERROR;
				CLANG_WARN_EMPTY_BODY = YES;
				CLANG_WARN_ENUM_CONVERSION = YES;
				CLANG_WARN_INT_CONVERSION = YES;
				CLANG_WARN_OBJC_ROOT_CLASS = YES_ERROR;
				CLANG_WARN_UNREACHABLE_CODE = YES;
				CLANG_WARN__DUPLICATE_METHOD_MATCH = YES;
				"CODE_SIGN_IDENTITY[sdk=iphoneos*]" = "iPhone Developer";
				COPY_PHASE_STRIP = NO;
				DEBUG_INFORMATION_FORMAT = "dwarf-with-dsym";
				ENABLE_NS_ASSERTIONS = NO;
				ENABLE_STRICT_OBJC_MSGSEND = YES;
				GCC_C_LANGUAGE_STANDARD = gnu99;
				GCC_NO_COMMON_BLOCKS = YES;
				GCC_WARN_64_TO_32_BIT_CONVERSION = YES;
				GCC_WARN_ABOUT_RETURN_TYPE = YES_ERROR;
				GCC_WARN_UNDECLARED_SELECTOR = YES;
				GCC_WARN_UNINITIALIZED_AUTOS = YES_AGGRESSIVE;
				GCC_WARN_UNUSED_FUNCTION = YES;
				GCC_WARN_UNUSED_VARIABLE = YES;
				IPHONEOS_DEPLOYMENT_TARGET = 9.3;
				MTL_ENABLE_DEBUG_INFO = NO;
				SDKROOT = iphoneos;
				VALIDATE_PRODUCT = YES;
			};
			name = Release;
		};
		89BAB0551D24C686001615C5 /* Debug */ = {
			isa = XCBuildConfiguration;
			buildSettings = {
				ASSETCATALOG_COMPILER_APPICON_NAME = AppIcon;
				INFOPLIST_FILE = AppStorePPTView/Info.plist;
				IPHONEOS_DEPLOYMENT_TARGET = 7.0;
				LD_RUNPATH_SEARCH_PATHS = "$(inherited) @executable_path/Frameworks";
				PRODUCT_BUNDLE_IDENTIFIER = com.ShiDian.AppStorePPTView;
				PRODUCT_NAME = "$(TARGET_NAME)";
			};
			name = Debug;
		};
		89BAB0561D24C686001615C5 /* Release */ = {
			isa = XCBuildConfiguration;
			buildSettings = {
				ASSETCATALOG_COMPILER_APPICON_NAME = AppIcon;
				INFOPLIST_FILE = AppStorePPTView/Info.plist;
				IPHONEOS_DEPLOYMENT_TARGET = 7.0;
				LD_RUNPATH_SEARCH_PATHS = "$(inherited) @executable_path/Frameworks";
				PRODUCT_BUNDLE_IDENTIFIER = com.ShiDian.AppStorePPTView;
				PRODUCT_NAME = "$(TARGET_NAME)";
			};
			name = Release;
		};
/* End XCBuildConfiguration section */

/* Begin XCConfigurationList section */
		89BAB03D1D24C686001615C5 /* Build configuration list for PBXProject "AppStorePPTView" */ = {
			isa = XCConfigurationList;
			buildConfigurations = (
				89BAB0521D24C686001615C5 /* Debug */,
				89BAB0531D24C686001615C5 /* Release */,
			);
			defaultConfigurationIsVisible = 0;
			defaultConfigurationName = Release;
		};
		89BAB0541D24C686001615C5 /* Build configuration list for PBXNativeTarget "AppStorePPTView" */ = {
			isa = XCConfigurationList;
			buildConfigurations = (
				89BAB0551D24C686001615C5 /* Debug */,
				89BAB0561D24C686001615C5 /* Release */,
			);
			defaultConfigurationIsVisible = 0;
			defaultConfigurationName = Release;
		};
/* End XCConfigurationList section */
	};
	rootObject = 89BAB03A1D24C686001615C5 /* Project object */;
}
